// !$*UTF8*$!
{
	archiveVersion = 1;
	classes = {
	};
	objectVersion = 46;
	objects = {

/* Begin PBXBuildFile section */
		7E45CACD1D52E6B80005EA9F /* phone icon.png in Resources */ = {isa = PBXBuildFile; fileRef = 7E45CACC1D52E6B80005EA9F /* phone icon.png */; };
		7E45CACF1D52E77B0005EA9F /* message icon.png in Resources */ = {isa = PBXBuildFile; fileRef = 7E45CACE1D52E77B0005EA9F /* message icon.png */; };
		7E4BC96F1D503B0A002A9DC5 /* TableViewController.swift in Sources */ = {isa = PBXBuildFile; fileRef = 7E4BC96E1D503B0A002A9DC5 /* TableViewController.swift */; };
		7E4BC9711D503D96002A9DC5 /* Person.swift in Sources */ = {isa = PBXBuildFile; fileRef = 7E4BC9701D503D96002A9DC5 /* Person.swift */; };
		7E4DFA971D4F5EE000C36D31 /* AppDelegate.swift in Sources */ = {isa = PBXBuildFile; fileRef = 7E4DFA961D4F5EE000C36D31 /* AppDelegate.swift */; };
		7E4DFA9E1D4F5EE000C36D31 /* Assets.xcassets in Resources */ = {isa = PBXBuildFile; fileRef = 7E4DFA9D1D4F5EE000C36D31 /* Assets.xcassets */; };
		7E4DFAA11D4F5EE000C36D31 /* LaunchScreen.storyboard in Resources */ = {isa = PBXBuildFile; fileRef = 7E4DFA9F1D4F5EE000C36D31 /* LaunchScreen.storyboard */; };
		7E6D69F51D5207EB00A9EA26 /* DetailVC.swift in Sources */ = {isa = PBXBuildFile; fileRef = 7E6D69F41D5207EB00A9EA26 /* DetailVC.swift */; };
/* End PBXBuildFile section */

/* Begin PBXFileReference section */
		7E45CACC1D52E6B80005EA9F /* phone icon.png */ = {isa = PBXFileReference; lastKnownFileType = image.png; path = "phone icon.png"; sourceTree = "<group>"; };
		7E45CACE1D52E77B0005EA9F /* message icon.png */ = {isa = PBXFileReference; lastKnownFileType = image.png; path = "message icon.png"; sourceTree = "<group>"; };
		7E4BC96E1D503B0A002A9DC5 /* TableViewController.swift */ = {isa = PBXFileReference; fileEncoding = 4; lastKnownFileType = sourcecode.swift; path = TableViewController.swift; sourceTree = "<group>"; };
		7E4BC9701D503D96002A9DC5 /* Person.swift */ = {isa = PBXFileReference; fileEncoding = 4; lastKnownFileType = sourcecode.swift; path = Person.swift; sourceTree = "<group>"; };
		7E4DFA931D4F5EE000C36D31 /* SectionIndex.app */ = {isa = PBXFileReference; explicitFileType = wrapper.application; includeInIndex = 0; path = SectionIndex.app; sourceTree = BUILT_PRODUCTS_DIR; };
		7E4DFA961D4F5EE000C36D31 /* AppDelegate.swift */ = {isa = PBXFileReference; lastKnownFileType = sourcecode.swift; path = AppDelegate.swift; sourceTree = "<group>"; };
		7E4DFA9D1D4F5EE000C36D31 /* Assets.xcassets */ = {isa = PBXFileReference; lastKnownFileType = folder.assetcatalog; path = Assets.xcassets; sourceTree = "<group>"; };
		7E4DFAA01D4F5EE000C36D31 /* Base */ = {isa = PBXFileReference; lastKnownFileType = file.storyboard; name = Base; path = Base.lproj/LaunchScreen.storyboard; sourceTree = "<group>"; };
		7E4DFAA21D4F5EE000C36D31 /* Info.plist */ = {isa = PBXFileReference; lastKnownFileType = text.plist.xml; path = Info.plist; sourceTree = "<group>"; };
		7E6D69F41D5207EB00A9EA26 /* DetailVC.swift */ = {isa = PBXFileReference; fileEncoding = 4; lastKnownFileType = sourcecode.swift; path = DetailVC.swift; sourceTree = "<group>"; };
/* End PBXFileReference section */

/* Begin PBXFrameworksBuildPhase section */
		7E4DFA901D4F5EE000C36D31 /* Frameworks */ = {
			isa = PBXFrameworksBuildPhase;
			buildActionMask = 2147483647;
			files = (
			);
			runOnlyForDeploymentPostprocessing = 0;
		};
/* End PBXFrameworksBuildPhase section */

/* Begin PBXGroup section */
		7E45CACB1D52E6A90005EA9F /* Images */ = {
			isa = PBXGroup;
			children = (
				7E45CACC1D52E6B80005EA9F /* phone icon.png */,
				7E45CACE1D52E77B0005EA9F /* message icon.png */,
			);
			name = Images;
			sourceTree = "<group>";
		};
		7E4DFA8A1D4F5EE000C36D31 = {
			isa = PBXGroup;
			children = (
				7E4DFA951D4F5EE000C36D31 /* SectionIndex */,
				7E4DFA941D4F5EE000C36D31 /* Products */,
			);
			sourceTree = "<group>";
		};
		7E4DFA941D4F5EE000C36D31 /* Products */ = {
			isa = PBXGroup;
			children = (
				7E4DFA931D4F5EE000C36D31 /* SectionIndex.app */,
			);
			name = Products;
			sourceTree = "<group>";
		};
		7E4DFA951D4F5EE000C36D31 /* SectionIndex */ = {
			isa = PBXGroup;
			children = (
				7E45CACB1D52E6A90005EA9F /* Images */,
				7E4DFA961D4F5EE000C36D31 /* AppDelegate.swift */,
				7E6D69F41D5207EB00A9EA26 /* DetailVC.swift */,
				7E4DFA9D1D4F5EE000C36D31 /* Assets.xcassets */,
				7E4DFA9F1D4F5EE000C36D31 /* LaunchScreen.storyboard */,
				7E4BC9701D503D96002A9DC5 /* Person.swift */,
				7E4BC96E1D503B0A002A9DC5 /* TableViewController.swift */,
				7E4DFAA21D4F5EE000C36D31 /* Info.plist */,
			);
			path = SectionIndex;
			sourceTree = "<group>";
		};
/* End PBXGroup section */

/* Begin PBXNativeTarget section */
		7E4DFA921D4F5EE000C36D31 /* SectionIndex */ = {
			isa = PBXNativeTarget;
			buildConfigurationList = 7E4DFAA51D4F5EE000C36D31 /* Build configuration list for PBXNativeTarget "SectionIndex" */;
			buildPhases = (
				7E4DFA8F1D4F5EE000C36D31 /* Sources */,
				7E4DFA901D4F5EE000C36D31 /* Frameworks */,
				7E4DFA911D4F5EE000C36D31 /* Resources */,
			);
			buildRules = (
			);
			dependencies = (
			);
			name = SectionIndex;
			productName = SectionIndex;
			productReference = 7E4DFA931D4F5EE000C36D31 /* SectionIndex.app */;
			productType = "com.apple.product-type.application";
		};
/* End PBXNativeTarget section */

/* Begin PBXProject section */
		7E4DFA8B1D4F5EE000C36D31 /* Project object */ = {
			isa = PBXProject;
			attributes = {
				LastSwiftUpdateCheck = 0730;
				LastUpgradeCheck = 0730;
				ORGANIZATIONNAME = CanhDang;
				TargetAttributes = {
					7E4DFA921D4F5EE000C36D31 = {
						CreatedOnToolsVersion = 7.3.1;
					};
				};
			};
			buildConfigurationList = 7E4DFA8E1D4F5EE000C36D31 /* Build configuration list for PBXProject "SectionIndex" */;
			compatibilityVersion = "Xcode 3.2";
			developmentRegion = English;
			hasScannedForEncodings = 0;
			knownRegions = (
				en,
				Base,
			);
			mainGroup = 7E4DFA8A1D4F5EE000C36D31;
			productRefGroup = 7E4DFA941D4F5EE000C36D31 /* Products */;
			projectDirPath = "";
			projectRoot = "";
			targets = (
				7E4DFA921D4F5EE000C36D31 /* SectionIndex */,
			);
		};
/* End PBXProject section */

/* Begin PBXResourcesBuildPhase section */
		7E4DFA911D4F5EE000C36D31 /* Resources */ = {
			isa = PBXResourcesBuildPhase;
			buildActionMask = 2147483647;
			files = (
				7E4DFAA11D4F5EE000C36D31 /* LaunchScreen.storyboard in Resources */,
				7E45CACF1D52E77B0005EA9F /* message icon.png in Resources */,
				7E4DFA9E1D4F5EE000C36D31 /* Assets.xcassets in Resources */,
				7E45CACD1D52E6B80005EA9F /* phone icon.png in Resources */,
			);
			runOnlyForDeploymentPostprocessing = 0;
		};
/* End PBXResourcesBuildPhase section */

/* Begin PBXSourcesBuildPhase section */
		7E4DFA8F1D4F5EE000C36D31 /* Sources */ = {
			isa = PBXSourcesBuildPhase;
			buildActionMask = 2147483647;
			files = (
				7E4BC9711D503D96002A9DC5 /* Person.swift in Sources */,
				7E6D69F51D5207EB00A9EA26 /* DetailVC.swift in Sources */,
				7E4DFA971D4F5EE000C36D31 /* AppDelegate.swift in Sources */,
				7E4BC96F1D503B0A002A9DC5 /* TableViewController.swift in Sources */,
			);
			runOnlyForDeploymentPostprocessing = 0;
		};
/* End PBXSourcesBuildPhase section */

/* Begin PBXVariantGroup section */
		7E4DFA9F1D4F5EE000C36D31 /* LaunchScreen.storyboard */ = {
			isa = PBXVariantGroup;
			children = (
				7E4DFAA01D4F5EE000C36D31 /* Base */,
			);
			name = LaunchScreen.storyboard;
			sourceTree = "<group>";
		};
/* End PBXVariantGroup section */

/* Begin XCBuildConfiguration section */
		7E4DFAA31D4F5EE000C36D31 /* Debug */ = {
			isa = XCBuildConfiguration;
			buildSettings = {
				ALWAYS_SEARCH_USER_PATHS = NO;
				CLANG_ANALYZER_NONNULL = YES;
				CLANG_CXX_LANGUAGE_STANDARD = "gnu++0x";
				CLANG_CXX_LIBRARY = "libc++";
				CLANG_ENABLE_MODULES = YES;
				CLANG_ENABLE_OBJC_ARC = YES;
				CLANG_WARN_BOOL_CONVERSION = YES;
				CLANG_WARN_CONSTANT_CONVERSION = YES;
				CLANG_WARN_DIRECT_OBJC_ISA_USAGE = YES_ERROR;
				CLANG_WARN_EMPTY_BODY = YES;
				CLANG_WARN_ENUM_CONVERSION = YES;
				CLANG_WARN_INT_CONVERSION = YES;
				CLANG_WARN_OBJC_ROOT_CLASS = YES_ERROR;
				CLANG_WARN_UNREACHABLE_CODE = YES;
				CLANG_WARN__DUPLICATE_METHOD_MATCH = YES;
				"CODE_SIGN_IDENTITY[sdk=iphoneos*]" = "iPhone Developer";
				COPY_PHASE_STRIP = NO;
				DEBUG_INFORMATION_FORMAT = dwarf;
				ENABLE_STRICT_OBJC_MSGSEND = YES;
				ENABLE_TESTABILITY = YES;
				GCC_C_LANGUAGE_STANDARD = gnu99;
				GCC_DYNAMIC_NO_PIC = NO;
				GCC_NO_COMMON_BLOCKS = YES;
				GCC_OPTIMIZATION_LEVEL = 0;
				GCC_PREPROCESSOR_DEFINITIONS = (
					"DEBUG=1",
					"$(inherited)",
				);
				GCC_WARN_64_TO_32_BIT_CONVERSION = YES;
				GCC_WARN_ABOUT_RETURN_TYPE = YES_ERROR;
				GCC_WARN_UNDECLARED_SELECTOR = YES;
				GCC_WARN_UNINITIALIZED_AUTOS = YES_AGGRESSIVE;
				GCC_WARN_UNUSED_FUNCTION = YES;
				GCC_WARN_UNUSED_VARIABLE = YES;
				IPHONEOS_DEPLOYMENT_TARGET = 9.3;
				MTL_ENABLE_DEBUG_INFO = YES;
				ONLY_ACTIVE_ARCH = YES;
				SDKROOT = iphoneos;
				SWIFT_OPTIMIZATION_LEVEL = "-Onone";
			};
			name = Debug;
		};
		7E4DFAA41D4F5EE000C36D31 /* Release */ = {
			isa = XCBuildConfiguration;
			buildSettings = {
				ALWAYS_SEARCH_USER_PATHS = NO;
				CLANG_ANALYZER_NONNULL = YES;
				CLANG_CXX_LANGUAGE_STANDARD = "gnu++0x";
				CLANG_CXX_LIBRARY = "libc++";
				CLANG_ENABLE_MODULES = YES;
				CLANG_ENABLE_OBJC_ARC = YES;
				CLANG_WARN_BOOL_CONVERSION = YES;
				CLANG_WARN_CONSTANT_CONVERSION = YES;
				CLANG_WARN_DIRECT_OBJC_ISA_USAGE = YES_ERROR;
				CLANG_WARN_EMPTY_BODY = YES;
				CLANG_WARN_ENUM_CONVERSION = YES;
				CLANG_WARN_INT_CONVERSION = YES;
				CLANG_WARN_OBJC_ROOT_CLASS = YES_ERROR;
				CLANG_WARN_UNREACHABLE_CODE = YES;
				CLANG_WARN__DUPLICATE_METHOD_MATCH = YES;
				"CODE_SIGN_IDENTITY[sdk=iphoneos*]" = "iPhone Developer";
				COPY_PHASE_STRIP = NO;
				DEBUG_INFORMATION_FORMAT = "dwarf-with-dsym";
				ENABLE_NS_ASSERTIONS = NO;
				ENABLE_STRICT_OBJC_MSGSEND = YES;
				GCC_C_LANGUAGE_STANDARD = gnu99;
				GCC_NO_COMMON_BLOCKS = YES;
				GCC_WARN_64_TO_32_BIT_CONVERSION = YES;
				GCC_WARN_ABOUT_RETURN_TYPE = YES_ERROR;
				GCC_WARN_UNDECLARED_SELECTOR = YES;
				GCC_WARN_UNINITIALIZED_AUTOS = YES_AGGRESSIVE;
				GCC_WARN_UNUSED_FUNCTION = YES;
				GCC_WARN_UNUSED_VARIABLE = YES;
				IPHONEOS_DEPLOYMENT_TARGET = 9.3;
				MTL_ENABLE_DEBUG_INFO = NO;
				SDKROOT = iphoneos;
				VALIDATE_PRODUCT = YES;
			};
			name = Release;
		};
		7E4DFAA61D4F5EE000C36D31 /* Debug */ = {
			isa = XCBuildConfiguration;
			buildSettings = {
				ASSETCATALOG_COMPILER_APPICON_NAME = AppIcon;
				INFOPLIST_FILE = SectionIndex/Info.plist;
				LD_RUNPATH_SEARCH_PATHS = "$(inherited) @executable_path/Frameworks";
				PRODUCT_BUNDLE_IDENTIFIER = com.CD.SectionIndex;
				PRODUCT_NAME = "$(TARGET_NAME)";
			};
			name = Debug;
		};
		7E4DFAA71D4F5EE000C36D31 /* Release */ = {
			isa = XCBuildConfiguration;
			buildSettings = {
				ASSETCATALOG_COMPILER_APPICON_NAME = AppIcon;
				INFOPLIST_FILE = SectionIndex/Info.plist;
				LD_RUNPATH_SEARCH_PATHS = "$(inherited) @executable_path/Frameworks";
				PRODUCT_BUNDLE_IDENTIFIER = com.CD.SectionIndex;
				PRODUCT_NAME = "$(TARGET_NAME)";
			};
			name = Release;
		};
/* End XCBuildConfiguration section */

/* Begin XCConfigurationList section */
		7E4DFA8E1D4F5EE000C36D31 /* Build configuration list for PBXProject "SectionIndex" */ = {
			isa = XCConfigurationList;
			buildConfigurations = (
				7E4DFAA31D4F5EE000C36D31 /* Debug */,
				7E4DFAA41D4F5EE000C36D31 /* Release */,
			);
			defaultConfigurationIsVisible = 0;
			defaultConfigurationName = Release;
		};
		7E4DFAA51D4F5EE000C36D31 /* Build configuration list for PBXNativeTarget "SectionIndex" */ = {
			isa = XCConfigurationList;
			buildConfigurations = (
				7E4DFAA61D4F5EE000C36D31 /* Debug */,
				7E4DFAA71D4F5EE000C36D31 /* Release */,
			);
			defaultConfigurationIsVisible = 0;
			defaultConfigurationName = Release;
		};
/* End XCConfigurationList section */
	};
	rootObject = 7E4DFA8B1D4F5EE000C36D31 /* Project object */;
}
